// !$*UTF8*$!
{
	archiveVersion = 1;
	classes = {
	};
	objectVersion = 46;
	objects = {

/* Begin PBXBuildFile section */
		025D5C3885407DB96D0297A1 /* Pods_RecLocTests.framework in Frameworks */ = {isa = PBXBuildFile; fileRef = D60955A697BB333C8577A5F1 /* Pods_RecLocTests.framework */; };
		08122858ED5DB8C17F8C800B /* Pods_RecLoc.framework in Frameworks */ = {isa = PBXBuildFile; fileRef = 3B5952231D283859FE0808AB /* Pods_RecLoc.framework */; };
		29A0E06235CD6DBB9B512643 /* Pods_RecLocUITests.framework in Frameworks */ = {isa = PBXBuildFile; fileRef = 05D9A1A1E1B797F7498BFE17 /* Pods_RecLocUITests.framework */; };
		FF1B04A41E80AC9600CE9729 /* RLCaptureViewController.swift in Sources */ = {isa = PBXBuildFile; fileRef = FF1B04A31E80AC9600CE9729 /* RLCaptureViewController.swift */; };
		FF205D691E96211D00B34434 /* RLPlaceCollectionViewCell.swift in Sources */ = {isa = PBXBuildFile; fileRef = FF205D671E96196D00B34434 /* RLPlaceCollectionViewCell.swift */; };
		FF205D6B1E963F7300B34434 /* RLLocationDetailViewController.swift in Sources */ = {isa = PBXBuildFile; fileRef = FF205D6A1E963F7300B34434 /* RLLocationDetailViewController.swift */; };
		FF2AEA391E99416F00B56429 /* RLPhotoEditViewController.swift in Sources */ = {isa = PBXBuildFile; fileRef = FF2AEA381E99416F00B56429 /* RLPhotoEditViewController.swift */; };
		FF4409621E94DD64004EDE14 /* RLPhotoSubmitViewController.swift in Sources */ = {isa = PBXBuildFile; fileRef = FF4409611E94DD64004EDE14 /* RLPhotoSubmitViewController.swift */; };
		FF6E13151E45FE2F00207DB5 /* AppDelegate.swift in Sources */ = {isa = PBXBuildFile; fileRef = FF6E13141E45FE2F00207DB5 /* AppDelegate.swift */; };
		FF6E13171E45FE2F00207DB5 /* ViewController.swift in Sources */ = {isa = PBXBuildFile; fileRef = FF6E13161E45FE2F00207DB5 /* ViewController.swift */; };
		FF6E131A1E45FE2F00207DB5 /* Main.storyboard in Resources */ = {isa = PBXBuildFile; fileRef = FF6E13181E45FE2F00207DB5 /* Main.storyboard */; };
		FF6E131C1E45FE2F00207DB5 /* Assets.xcassets in Resources */ = {isa = PBXBuildFile; fileRef = FF6E131B1E45FE2F00207DB5 /* Assets.xcassets */; };
		FF6E131F1E45FE2F00207DB5 /* LaunchScreen.storyboard in Resources */ = {isa = PBXBuildFile; fileRef = FF6E131D1E45FE2F00207DB5 /* LaunchScreen.storyboard */; };
		FF6E132A1E45FE3000207DB5 /* RecLocTests.swift in Sources */ = {isa = PBXBuildFile; fileRef = FF6E13291E45FE3000207DB5 /* RecLocTests.swift */; };
		FF6E13351E45FE3000207DB5 /* RecLocUITests.swift in Sources */ = {isa = PBXBuildFile; fileRef = FF6E13341E45FE3000207DB5 /* RecLocUITests.swift */; };
		FF9CB1071E5C6D83006E4E5C /* RLInterestViewController.swift in Sources */ = {isa = PBXBuildFile; fileRef = FF9CB1061E5C6D83006E4E5C /* RLInterestViewController.swift */; };
		FF9CB1081E5C6D83006E4E5C /* RLInterestViewController.swift in Sources */ = {isa = PBXBuildFile; fileRef = FF9CB1061E5C6D83006E4E5C /* RLInterestViewController.swift */; };
		FF9CB1091E5C6D83006E4E5C /* RLInterestViewController.swift in Sources */ = {isa = PBXBuildFile; fileRef = FF9CB1061E5C6D83006E4E5C /* RLInterestViewController.swift */; };
		FF9CB10B1E5C766D006E4E5C /* RLTabViewController.swift in Sources */ = {isa = PBXBuildFile; fileRef = FF9CB10A1E5C766D006E4E5C /* RLTabViewController.swift */; };
		FF9CB10C1E5C766D006E4E5C /* RLTabViewController.swift in Sources */ = {isa = PBXBuildFile; fileRef = FF9CB10A1E5C766D006E4E5C /* RLTabViewController.swift */; };
		FF9CB10D1E5C766D006E4E5C /* RLTabViewController.swift in Sources */ = {isa = PBXBuildFile; fileRef = FF9CB10A1E5C766D006E4E5C /* RLTabViewController.swift */; };
		FF9CB1131E5C771F006E4E5C /* RLPlacesCollectionViewController.swift in Sources */ = {isa = PBXBuildFile; fileRef = FF9CB1121E5C771F006E4E5C /* RLPlacesCollectionViewController.swift */; };
		FF9CB1141E5C771F006E4E5C /* RLPlacesCollectionViewController.swift in Sources */ = {isa = PBXBuildFile; fileRef = FF9CB1121E5C771F006E4E5C /* RLPlacesCollectionViewController.swift */; };
		FF9CB1151E5C771F006E4E5C /* RLPlacesCollectionViewController.swift in Sources */ = {isa = PBXBuildFile; fileRef = FF9CB1121E5C771F006E4E5C /* RLPlacesCollectionViewController.swift */; };
/* End PBXBuildFile section */

/* Begin PBXContainerItemProxy section */
		FF6E13261E45FE3000207DB5 /* PBXContainerItemProxy */ = {
			isa = PBXContainerItemProxy;
			containerPortal = FF6E13091E45FE2F00207DB5 /* Project object */;
			proxyType = 1;
			remoteGlobalIDString = FF6E13101E45FE2F00207DB5;
			remoteInfo = RecLoc;
		};
		FF6E13311E45FE3000207DB5 /* PBXContainerItemProxy */ = {
			isa = PBXContainerItemProxy;
			containerPortal = FF6E13091E45FE2F00207DB5 /* Project object */;
			proxyType = 1;
			remoteGlobalIDString = FF6E13101E45FE2F00207DB5;
			remoteInfo = RecLoc;
		};
/* End PBXContainerItemProxy section */

/* Begin PBXFileReference section */
		05D9A1A1E1B797F7498BFE17 /* Pods_RecLocUITests.framework */ = {isa = PBXFileReference; explicitFileType = wrapper.framework; includeInIndex = 0; path = Pods_RecLocUITests.framework; sourceTree = BUILT_PRODUCTS_DIR; };
		1C286240BAB9FB2F11838504 /* Pods-RecLocTests.debug.xcconfig */ = {isa = PBXFileReference; includeInIndex = 1; lastKnownFileType = text.xcconfig; name = "Pods-RecLocTests.debug.xcconfig"; path = "Pods/Target Support Files/Pods-RecLocTests/Pods-RecLocTests.debug.xcconfig"; sourceTree = "<group>"; };
		1E83786A8F866D5B36FE9EA3 /* Pods-RecLocUITests.release.xcconfig */ = {isa = PBXFileReference; includeInIndex = 1; lastKnownFileType = text.xcconfig; name = "Pods-RecLocUITests.release.xcconfig"; path = "Pods/Target Support Files/Pods-RecLocUITests/Pods-RecLocUITests.release.xcconfig"; sourceTree = "<group>"; };
		3B5952231D283859FE0808AB /* Pods_RecLoc.framework */ = {isa = PBXFileReference; explicitFileType = wrapper.framework; includeInIndex = 0; path = Pods_RecLoc.framework; sourceTree = BUILT_PRODUCTS_DIR; };
		494D90D9542C70312C04E36F /* Pods-RecLoc.release.xcconfig */ = {isa = PBXFileReference; includeInIndex = 1; lastKnownFileType = text.xcconfig; name = "Pods-RecLoc.release.xcconfig"; path = "Pods/Target Support Files/Pods-RecLoc/Pods-RecLoc.release.xcconfig"; sourceTree = "<group>"; };
		5B18171B54EFF2D6D1632DAC /* Pods-RecLoc.debug.xcconfig */ = {isa = PBXFileReference; includeInIndex = 1; lastKnownFileType = text.xcconfig; name = "Pods-RecLoc.debug.xcconfig"; path = "Pods/Target Support Files/Pods-RecLoc/Pods-RecLoc.debug.xcconfig"; sourceTree = "<group>"; };
		A953468A28934B306D62FA94 /* Pods-RecLocTests.release.xcconfig */ = {isa = PBXFileReference; includeInIndex = 1; lastKnownFileType = text.xcconfig; name = "Pods-RecLocTests.release.xcconfig"; path = "Pods/Target Support Files/Pods-RecLocTests/Pods-RecLocTests.release.xcconfig"; sourceTree = "<group>"; };
		B7113363EF696B3A92CBAEC8 /* Pods-RecLocUITests.debug.xcconfig */ = {isa = PBXFileReference; includeInIndex = 1; lastKnownFileType = text.xcconfig; name = "Pods-RecLocUITests.debug.xcconfig"; path = "Pods/Target Support Files/Pods-RecLocUITests/Pods-RecLocUITests.debug.xcconfig"; sourceTree = "<group>"; };
		D60955A697BB333C8577A5F1 /* Pods_RecLocTests.framework */ = {isa = PBXFileReference; explicitFileType = wrapper.framework; includeInIndex = 0; path = Pods_RecLocTests.framework; sourceTree = BUILT_PRODUCTS_DIR; };
		FF1B04A31E80AC9600CE9729 /* RLCaptureViewController.swift */ = {isa = PBXFileReference; fileEncoding = 4; lastKnownFileType = sourcecode.swift; path = RLCaptureViewController.swift; sourceTree = "<group>"; };
		FF205D671E96196D00B34434 /* RLPlaceCollectionViewCell.swift */ = {isa = PBXFileReference; fileEncoding = 4; lastKnownFileType = sourcecode.swift; path = RLPlaceCollectionViewCell.swift; sourceTree = "<group>"; };
		FF205D6A1E963F7300B34434 /* RLLocationDetailViewController.swift */ = {isa = PBXFileReference; fileEncoding = 4; lastKnownFileType = sourcecode.swift; path = RLLocationDetailViewController.swift; sourceTree = "<group>"; };
		FF2AEA381E99416F00B56429 /* RLPhotoEditViewController.swift */ = {isa = PBXFileReference; fileEncoding = 4; lastKnownFileType = sourcecode.swift; path = RLPhotoEditViewController.swift; sourceTree = "<group>"; };
		FF4409611E94DD64004EDE14 /* RLPhotoSubmitViewController.swift */ = {isa = PBXFileReference; fileEncoding = 4; lastKnownFileType = sourcecode.swift; path = RLPhotoSubmitViewController.swift; sourceTree = "<group>"; };
		FF6E13111E45FE2F00207DB5 /* RecLoc.app */ = {isa = PBXFileReference; explicitFileType = wrapper.application; includeInIndex = 0; path = RecLoc.app; sourceTree = BUILT_PRODUCTS_DIR; };
		FF6E13141E45FE2F00207DB5 /* AppDelegate.swift */ = {isa = PBXFileReference; lastKnownFileType = sourcecode.swift; path = AppDelegate.swift; sourceTree = "<group>"; };
		FF6E13161E45FE2F00207DB5 /* ViewController.swift */ = {isa = PBXFileReference; lastKnownFileType = sourcecode.swift; path = ViewController.swift; sourceTree = "<group>"; };
		FF6E13191E45FE2F00207DB5 /* Base */ = {isa = PBXFileReference; lastKnownFileType = file.storyboard; name = Base; path = Base.lproj/Main.storyboard; sourceTree = "<group>"; };
		FF6E131B1E45FE2F00207DB5 /* Assets.xcassets */ = {isa = PBXFileReference; lastKnownFileType = folder.assetcatalog; path = Assets.xcassets; sourceTree = "<group>"; };
		FF6E131E1E45FE2F00207DB5 /* Base */ = {isa = PBXFileReference; lastKnownFileType = file.storyboard; name = Base; path = Base.lproj/LaunchScreen.storyboard; sourceTree = "<group>"; };
		FF6E13201E45FE2F00207DB5 /* Info.plist */ = {isa = PBXFileReference; lastKnownFileType = text.plist.xml; path = Info.plist; sourceTree = "<group>"; };
		FF6E13251E45FE3000207DB5 /* RecLocTests.xctest */ = {isa = PBXFileReference; explicitFileType = wrapper.cfbundle; includeInIndex = 0; path = RecLocTests.xctest; sourceTree = BUILT_PRODUCTS_DIR; };
		FF6E13291E45FE3000207DB5 /* RecLocTests.swift */ = {isa = PBXFileReference; lastKnownFileType = sourcecode.swift; path = RecLocTests.swift; sourceTree = "<group>"; };
		FF6E132B1E45FE3000207DB5 /* Info.plist */ = {isa = PBXFileReference; lastKnownFileType = text.plist.xml; path = Info.plist; sourceTree = "<group>"; };
		FF6E13301E45FE3000207DB5 /* RecLocUITests.xctest */ = {isa = PBXFileReference; explicitFileType = wrapper.cfbundle; includeInIndex = 0; path = RecLocUITests.xctest; sourceTree = BUILT_PRODUCTS_DIR; };
		FF6E13341E45FE3000207DB5 /* RecLocUITests.swift */ = {isa = PBXFileReference; lastKnownFileType = sourcecode.swift; path = RecLocUITests.swift; sourceTree = "<group>"; };
		FF6E13361E45FE3000207DB5 /* Info.plist */ = {isa = PBXFileReference; lastKnownFileType = text.plist.xml; path = Info.plist; sourceTree = "<group>"; };
		FF9CB1061E5C6D83006E4E5C /* RLInterestViewController.swift */ = {isa = PBXFileReference; fileEncoding = 4; lastKnownFileType = sourcecode.swift; path = RLInterestViewController.swift; sourceTree = "<group>"; };
		FF9CB10A1E5C766D006E4E5C /* RLTabViewController.swift */ = {isa = PBXFileReference; fileEncoding = 4; lastKnownFileType = sourcecode.swift; path = RLTabViewController.swift; sourceTree = "<group>"; };
		FF9CB1121E5C771F006E4E5C /* RLPlacesCollectionViewController.swift */ = {isa = PBXFileReference; fileEncoding = 4; lastKnownFileType = sourcecode.swift; path = RLPlacesCollectionViewController.swift; sourceTree = "<group>"; };
/* End PBXFileReference section */

/* Begin PBXFrameworksBuildPhase section */
		FF6E130E1E45FE2F00207DB5 /* Frameworks */ = {
			isa = PBXFrameworksBuildPhase;
			buildActionMask = 2147483647;
			files = (
				08122858ED5DB8C17F8C800B /* Pods_RecLoc.framework in Frameworks */,
			);
			runOnlyForDeploymentPostprocessing = 0;
		};
		FF6E13221E45FE3000207DB5 /* Frameworks */ = {
			isa = PBXFrameworksBuildPhase;
			buildActionMask = 2147483647;
			files = (
				025D5C3885407DB96D0297A1 /* Pods_RecLocTests.framework in Frameworks */,
			);
			runOnlyForDeploymentPostprocessing = 0;
		};
		FF6E132D1E45FE3000207DB5 /* Frameworks */ = {
			isa = PBXFrameworksBuildPhase;
			buildActionMask = 2147483647;
			files = (
				29A0E06235CD6DBB9B512643 /* Pods_RecLocUITests.framework in Frameworks */,
			);
			runOnlyForDeploymentPostprocessing = 0;
		};
/* End PBXFrameworksBuildPhase section */

/* Begin PBXGroup section */
		1EB1EEAE216BF7ED6B4E1C65 /* Frameworks */ = {
			isa = PBXGroup;
			children = (
				3B5952231D283859FE0808AB /* Pods_RecLoc.framework */,
				D60955A697BB333C8577A5F1 /* Pods_RecLocTests.framework */,
				05D9A1A1E1B797F7498BFE17 /* Pods_RecLocUITests.framework */,
			);
			name = Frameworks;
			sourceTree = "<group>";
		};
		45C99C294D0B6975C6B0D029 /* Pods */ = {
			isa = PBXGroup;
			children = (
				5B18171B54EFF2D6D1632DAC /* Pods-RecLoc.debug.xcconfig */,
				494D90D9542C70312C04E36F /* Pods-RecLoc.release.xcconfig */,
				1C286240BAB9FB2F11838504 /* Pods-RecLocTests.debug.xcconfig */,
				A953468A28934B306D62FA94 /* Pods-RecLocTests.release.xcconfig */,
				B7113363EF696B3A92CBAEC8 /* Pods-RecLocUITests.debug.xcconfig */,
				1E83786A8F866D5B36FE9EA3 /* Pods-RecLocUITests.release.xcconfig */,
			);
			name = Pods;
			sourceTree = "<group>";
		};
		FF2AEA3A1E99417F00B56429 /* Capture */ = {
			isa = PBXGroup;
			children = (
				FF1B04A31E80AC9600CE9729 /* RLCaptureViewController.swift */,
				FF2AEA381E99416F00B56429 /* RLPhotoEditViewController.swift */,
				FF4409611E94DD64004EDE14 /* RLPhotoSubmitViewController.swift */,
			);
			name = Capture;
			sourceTree = "<group>";
		};
		FF2AEA3B1E99419F00B56429 /* Places */ = {
			isa = PBXGroup;
			children = (
				FF6E13161E45FE2F00207DB5 /* ViewController.swift */,
				FF9CB1121E5C771F006E4E5C /* RLPlacesCollectionViewController.swift */,
				FF205D671E96196D00B34434 /* RLPlaceCollectionViewCell.swift */,
				FF205D6A1E963F7300B34434 /* RLLocationDetailViewController.swift */,
			);
			name = Places;
			sourceTree = "<group>";
		};
		FF6E13081E45FE2F00207DB5 = {
			isa = PBXGroup;
			children = (
				FF6E13131E45FE2F00207DB5 /* RecLoc */,
				FF6E13281E45FE3000207DB5 /* RecLocTests */,
				FF6E13331E45FE3000207DB5 /* RecLocUITests */,
				FF6E13121E45FE2F00207DB5 /* Products */,
				45C99C294D0B6975C6B0D029 /* Pods */,
				1EB1EEAE216BF7ED6B4E1C65 /* Frameworks */,
			);
			sourceTree = "<group>";
		};
		FF6E13121E45FE2F00207DB5 /* Products */ = {
			isa = PBXGroup;
			children = (
				FF6E13111E45FE2F00207DB5 /* RecLoc.app */,
				FF6E13251E45FE3000207DB5 /* RecLocTests.xctest */,
				FF6E13301E45FE3000207DB5 /* RecLocUITests.xctest */,
			);
			name = Products;
			sourceTree = "<group>";
		};
		FF6E13131E45FE2F00207DB5 /* RecLoc */ = {
			isa = PBXGroup;
			children = (
				FF6E13141E45FE2F00207DB5 /* AppDelegate.swift */,
				FF9CB1061E5C6D83006E4E5C /* RLInterestViewController.swift */,
				FF9CB10A1E5C766D006E4E5C /* RLTabViewController.swift */,
				FF2AEA3B1E99419F00B56429 /* Places */,
				FF2AEA3A1E99417F00B56429 /* Capture */,
				FF6E13181E45FE2F00207DB5 /* Main.storyboard */,
				FF6E131B1E45FE2F00207DB5 /* Assets.xcassets */,
				FF6E131D1E45FE2F00207DB5 /* LaunchScreen.storyboard */,
				FF6E13201E45FE2F00207DB5 /* Info.plist */,
			);
			path = RecLoc;
			sourceTree = "<group>";
		};
		FF6E13281E45FE3000207DB5 /* RecLocTests */ = {
			isa = PBXGroup;
			children = (
				FF6E13291E45FE3000207DB5 /* RecLocTests.swift */,
				FF6E132B1E45FE3000207DB5 /* Info.plist */,
			);
			path = RecLocTests;
			sourceTree = "<group>";
		};
		FF6E13331E45FE3000207DB5 /* RecLocUITests */ = {
			isa = PBXGroup;
			children = (
				FF6E13341E45FE3000207DB5 /* RecLocUITests.swift */,
				FF6E13361E45FE3000207DB5 /* Info.plist */,
			);
			path = RecLocUITests;
			sourceTree = "<group>";
		};
/* End PBXGroup section */

/* Begin PBXNativeTarget section */
		FF6E13101E45FE2F00207DB5 /* RecLoc */ = {
			isa = PBXNativeTarget;
			buildConfigurationList = FF6E13391E45FE3000207DB5 /* Build configuration list for PBXNativeTarget "RecLoc" */;
			buildPhases = (
				94B9C402DD304D2DB78D5544 /* [CP] Check Pods Manifest.lock */,
				FF6E130D1E45FE2F00207DB5 /* Sources */,
				FF6E130E1E45FE2F00207DB5 /* Frameworks */,
				FF6E130F1E45FE2F00207DB5 /* Resources */,
				106B556D0FB6AFE1402046B1 /* [CP] Embed Pods Frameworks */,
				DB5811E6E218390DC24C520B /* [CP] Copy Pods Resources */,
			);
			buildRules = (
			);
			dependencies = (
			);
			name = RecLoc;
			productName = RecLoc;
			productReference = FF6E13111E45FE2F00207DB5 /* RecLoc.app */;
			productType = "com.apple.product-type.application";
		};
		FF6E13241E45FE3000207DB5 /* RecLocTests */ = {
			isa = PBXNativeTarget;
			buildConfigurationList = FF6E133C1E45FE3000207DB5 /* Build configuration list for PBXNativeTarget "RecLocTests" */;
			buildPhases = (
				D18D7E3AC7048B8D136C4CED /* [CP] Check Pods Manifest.lock */,
				FF6E13211E45FE3000207DB5 /* Sources */,
				FF6E13221E45FE3000207DB5 /* Frameworks */,
				FF6E13231E45FE3000207DB5 /* Resources */,
				707BB340776BF1C27A6B91C1 /* [CP] Embed Pods Frameworks */,
				1B4801884E30A3F95554296C /* [CP] Copy Pods Resources */,
			);
			buildRules = (
			);
			dependencies = (
				FF6E13271E45FE3000207DB5 /* PBXTargetDependency */,
			);
			name = RecLocTests;
			productName = RecLocTests;
			productReference = FF6E13251E45FE3000207DB5 /* RecLocTests.xctest */;
			productType = "com.apple.product-type.bundle.unit-test";
		};
		FF6E132F1E45FE3000207DB5 /* RecLocUITests */ = {
			isa = PBXNativeTarget;
			buildConfigurationList = FF6E133F1E45FE3000207DB5 /* Build configuration list for PBXNativeTarget "RecLocUITests" */;
			buildPhases = (
				B75403C40C510AF9C29FE16B /* [CP] Check Pods Manifest.lock */,
				FF6E132C1E45FE3000207DB5 /* Sources */,
				FF6E132D1E45FE3000207DB5 /* Frameworks */,
				FF6E132E1E45FE3000207DB5 /* Resources */,
				BE64D5AFBE13DE7D66C0C108 /* [CP] Embed Pods Frameworks */,
				86C5DE6DC7A509BBED91C9E2 /* [CP] Copy Pods Resources */,
			);
			buildRules = (
			);
			dependencies = (
				FF6E13321E45FE3000207DB5 /* PBXTargetDependency */,
			);
			name = RecLocUITests;
			productName = RecLocUITests;
			productReference = FF6E13301E45FE3000207DB5 /* RecLocUITests.xctest */;
			productType = "com.apple.product-type.bundle.ui-testing";
		};
/* End PBXNativeTarget section */

/* Begin PBXProject section */
		FF6E13091E45FE2F00207DB5 /* Project object */ = {
			isa = PBXProject;
			attributes = {
				LastSwiftUpdateCheck = 0820;
				LastUpgradeCheck = 0820;
				ORGANIZATIONNAME = "Paril Shah";
				TargetAttributes = {
					FF6E13101E45FE2F00207DB5 = {
						CreatedOnToolsVersion = 8.2.1;
						DevelopmentTeam = 8L389JCGUE;
						ProvisioningStyle = Automatic;
					};
					FF6E13241E45FE3000207DB5 = {
						CreatedOnToolsVersion = 8.2.1;
						DevelopmentTeam = 8L389JCGUE;
						ProvisioningStyle = Automatic;
						TestTargetID = FF6E13101E45FE2F00207DB5;
					};
					FF6E132F1E45FE3000207DB5 = {
						CreatedOnToolsVersion = 8.2.1;
						DevelopmentTeam = 8L389JCGUE;
						ProvisioningStyle = Automatic;
						TestTargetID = FF6E13101E45FE2F00207DB5;
					};
				};
			};
			buildConfigurationList = FF6E130C1E45FE2F00207DB5 /* Build configuration list for PBXProject "RecLoc" */;
			compatibilityVersion = "Xcode 3.2";
			developmentRegion = English;
			hasScannedForEncodings = 0;
			knownRegions = (
				en,
				Base,
			);
			mainGroup = FF6E13081E45FE2F00207DB5;
			productRefGroup = FF6E13121E45FE2F00207DB5 /* Products */;
			projectDirPath = "";
			projectRoot = "";
			targets = (
				FF6E13101E45FE2F00207DB5 /* RecLoc */,
				FF6E13241E45FE3000207DB5 /* RecLocTests */,
				FF6E132F1E45FE3000207DB5 /* RecLocUITests */,
			);
		};
/* End PBXProject section */

/* Begin PBXResourcesBuildPhase section */
		FF6E130F1E45FE2F00207DB5 /* Resources */ = {
			isa = PBXResourcesBuildPhase;
			buildActionMask = 2147483647;
			files = (
				FF6E131F1E45FE2F00207DB5 /* LaunchScreen.storyboard in Resources */,
				FF6E131C1E45FE2F00207DB5 /* Assets.xcassets in Resources */,
				FF6E131A1E45FE2F00207DB5 /* Main.storyboard in Resources */,
			);
			runOnlyForDeploymentPostprocessing = 0;
		};
		FF6E13231E45FE3000207DB5 /* Resources */ = {
			isa = PBXResourcesBuildPhase;
			buildActionMask = 2147483647;
			files = (
			);
			runOnlyForDeploymentPostprocessing = 0;
		};
		FF6E132E1E45FE3000207DB5 /* Resources */ = {
			isa = PBXResourcesBuildPhase;
			buildActionMask = 2147483647;
			files = (
			);
			runOnlyForDeploymentPostprocessing = 0;
		};
/* End PBXResourcesBuildPhase section */

/* Begin PBXShellScriptBuildPhase section */
		106B556D0FB6AFE1402046B1 /* [CP] Embed Pods Frameworks */ = {
			isa = PBXShellScriptBuildPhase;
			buildActionMask = 2147483647;
			files = (
			);
			inputPaths = (
			);
			name = "[CP] Embed Pods Frameworks";
			outputPaths = (
			);
			runOnlyForDeploymentPostprocessing = 0;
			shellPath = /bin/sh;
			shellScript = "\"${SRCROOT}/Pods/Target Support Files/Pods-RecLoc/Pods-RecLoc-frameworks.sh\"\n";
			showEnvVarsInLog = 0;
		};
		1B4801884E30A3F95554296C /* [CP] Copy Pods Resources */ = {
			isa = PBXShellScriptBuildPhase;
			buildActionMask = 2147483647;
			files = (
			);
			inputPaths = (
			);
			name = "[CP] Copy Pods Resources";
			outputPaths = (
			);
			runOnlyForDeploymentPostprocessing = 0;
			shellPath = /bin/sh;
			shellScript = "\"${SRCROOT}/Pods/Target Support Files/Pods-RecLocTests/Pods-RecLocTests-resources.sh\"\n";
			showEnvVarsInLog = 0;
		};
		707BB340776BF1C27A6B91C1 /* [CP] Embed Pods Frameworks */ = {
			isa = PBXShellScriptBuildPhase;
			buildActionMask = 2147483647;
			files = (
			);
			inputPaths = (
			);
			name = "[CP] Embed Pods Frameworks";
			outputPaths = (
			);
			runOnlyForDeploymentPostprocessing = 0;
			shellPath = /bin/sh;
			shellScript = "\"${SRCROOT}/Pods/Target Support Files/Pods-RecLocTests/Pods-RecLocTests-frameworks.sh\"\n";
			showEnvVarsInLog = 0;
		};
		86C5DE6DC7A509BBED91C9E2 /* [CP] Copy Pods Resources */ = {
			isa = PBXShellScriptBuildPhase;
			buildActionMask = 2147483647;
			files = (
			);
			inputPaths = (
			);
			name = "[CP] Copy Pods Resources";
			outputPaths = (
			);
			runOnlyForDeploymentPostprocessing = 0;
			shellPath = /bin/sh;
			shellScript = "\"${SRCROOT}/Pods/Target Support Files/Pods-RecLocUITests/Pods-RecLocUITests-resources.sh\"\n";
			showEnvVarsInLog = 0;
		};
		94B9C402DD304D2DB78D5544 /* [CP] Check Pods Manifest.lock */ = {
			isa = PBXShellScriptBuildPhase;
			buildActionMask = 2147483647;
			files = (
			);
			inputPaths = (
			);
			name = "[CP] Check Pods Manifest.lock";
			outputPaths = (
			);
			runOnlyForDeploymentPostprocessing = 0;
			shellPath = /bin/sh;
			shellScript = "diff \"${PODS_ROOT}/../Podfile.lock\" \"${PODS_ROOT}/Manifest.lock\" > /dev/null\nif [ $? != 0 ] ; then\n    # print error to STDERR\n    echo \"error: The sandbox is not in sync with the Podfile.lock. Run 'pod install' or update your CocoaPods installation.\" >&2\n    exit 1\nfi\n";
			showEnvVarsInLog = 0;
		};
		B75403C40C510AF9C29FE16B /* [CP] Check Pods Manifest.lock */ = {
			isa = PBXShellScriptBuildPhase;
			buildActionMask = 2147483647;
			files = (
			);
			inputPaths = (
			);
			name = "[CP] Check Pods Manifest.lock";
			outputPaths = (
			);
			runOnlyForDeploymentPostprocessing = 0;
			shellPath = /bin/sh;
			shellScript = "diff \"${PODS_ROOT}/../Podfile.lock\" \"${PODS_ROOT}/Manifest.lock\" > /dev/null\nif [ $? != 0 ] ; then\n    # print error to STDERR\n    echo \"error: The sandbox is not in sync with the Podfile.lock. Run 'pod install' or update your CocoaPods installation.\" >&2\n    exit 1\nfi\n";
			showEnvVarsInLog = 0;
		};
		BE64D5AFBE13DE7D66C0C108 /* [CP] Embed Pods Frameworks */ = {
			isa = PBXShellScriptBuildPhase;
			buildActionMask = 2147483647;
			files = (
			);
			inputPaths = (
			);
			name = "[CP] Embed Pods Frameworks";
			outputPaths = (
			);
			runOnlyForDeploymentPostprocessing = 0;
			shellPath = /bin/sh;
			shellScript = "\"${SRCROOT}/Pods/Target Support Files/Pods-RecLocUITests/Pods-RecLocUITests-frameworks.sh\"\n";
			showEnvVarsInLog = 0;
		};
		D18D7E3AC7048B8D136C4CED /* [CP] Check Pods Manifest.lock */ = {
			isa = PBXShellScriptBuildPhase;
			buildActionMask = 2147483647;
			files = (
			);
			inputPaths = (
			);
			name = "[CP] Check Pods Manifest.lock";
			outputPaths = (
			);
			runOnlyForDeploymentPostprocessing = 0;
			shellPath = /bin/sh;
			shellScript = "diff \"${PODS_ROOT}/../Podfile.lock\" \"${PODS_ROOT}/Manifest.lock\" > /dev/null\nif [ $? != 0 ] ; then\n    # print error to STDERR\n    echo \"error: The sandbox is not in sync with the Podfile.lock. Run 'pod install' or update your CocoaPods installation.\" >&2\n    exit 1\nfi\n";
			showEnvVarsInLog = 0;
		};
		DB5811E6E218390DC24C520B /* [CP] Copy Pods Resources */ = {
			isa = PBXShellScriptBuildPhase;
			buildActionMask = 2147483647;
			files = (
			);
			inputPaths = (
			);
			name = "[CP] Copy Pods Resources";
			outputPaths = (
			);
			runOnlyForDeploymentPostprocessing = 0;
			shellPath = /bin/sh;
			shellScript = "\"${SRCROOT}/Pods/Target Support Files/Pods-RecLoc/Pods-RecLoc-resources.sh\"\n";
			showEnvVarsInLog = 0;
		};
/* End PBXShellScriptBuildPhase section */

/* Begin PBXSourcesBuildPhase section */
		FF6E130D1E45FE2F00207DB5 /* Sources */ = {
			isa = PBXSourcesBuildPhase;
			buildActionMask = 2147483647;
			files = (
				FF9CB10B1E5C766D006E4E5C /* RLTabViewController.swift in Sources */,
				FF2AEA391E99416F00B56429 /* RLPhotoEditViewController.swift in Sources */,
				FF9CB1071E5C6D83006E4E5C /* RLInterestViewController.swift in Sources */,
				FF6E13171E45FE2F00207DB5 /* ViewController.swift in Sources */,
				FF6E13151E45FE2F00207DB5 /* AppDelegate.swift in Sources */,
				FF205D691E96211D00B34434 /* RLPlaceCollectionViewCell.swift in Sources */,
				FF4409621E94DD64004EDE14 /* RLPhotoSubmitViewController.swift in Sources */,
				FF9CB1131E5C771F006E4E5C /* RLPlacesCollectionViewController.swift in Sources */,
				FF205D6B1E963F7300B34434 /* RLLocationDetailViewController.swift in Sources */,
				FF1B04A41E80AC9600CE9729 /* RLCaptureViewController.swift in Sources */,
			);
			runOnlyForDeploymentPostprocessing = 0;
		};
		FF6E13211E45FE3000207DB5 /* Sources */ = {
			isa = PBXSourcesBuildPhase;
			buildActionMask = 2147483647;
			files = (
				FF9CB10C1E5C766D006E4E5C /* RLTabViewController.swift in Sources */,
				FF9CB1081E5C6D83006E4E5C /* RLInterestViewController.swift in Sources */,
				FF9CB1141E5C771F006E4E5C /* RLPlacesCollectionViewController.swift in Sources */,
				FF6E132A1E45FE3000207DB5 /* RecLocTests.swift in Sources */,
			);
			runOnlyForDeploymentPostprocessing = 0;
		};
		FF6E132C1E45FE3000207DB5 /* Sources */ = {
			isa = PBXSourcesBuildPhase;
			buildActionMask = 2147483647;
			files = (
				FF9CB10D1E5C766D006E4E5C /* RLTabViewController.swift in Sources */,
				FF9CB1091E5C6D83006E4E5C /* RLInterestViewController.swift in Sources */,
				FF9CB1151E5C771F006E4E5C /* RLPlacesCollectionViewController.swift in Sources */,
				FF6E13351E45FE3000207DB5 /* RecLocUITests.swift in Sources */,
			);
			runOnlyForDeploymentPostprocessing = 0;
		};
/* End PBXSourcesBuildPhase section */

/* Begin PBXTargetDependency section */
		FF6E13271E45FE3000207DB5 /* PBXTargetDependency */ = {
			isa = PBXTargetDependency;
			target = FF6E13101E45FE2F00207DB5 /* RecLoc */;
			targetProxy = FF6E13261E45FE3000207DB5 /* PBXContainerItemProxy */;
		};
		FF6E13321E45FE3000207DB5 /* PBXTargetDependency */ = {
			isa = PBXTargetDependency;
			target = FF6E13101E45FE2F00207DB5 /* RecLoc */;
			targetProxy = FF6E13311E45FE3000207DB5 /* PBXContainerItemProxy */;
		};
/* End PBXTargetDependency section */

/* Begin PBXVariantGroup section */
		FF6E13181E45FE2F00207DB5 /* Main.storyboard */ = {
			isa = PBXVariantGroup;
			children = (
				FF6E13191E45FE2F00207DB5 /* Base */,
			);
			name = Main.storyboard;
			sourceTree = "<group>";
		};
		FF6E131D1E45FE2F00207DB5 /* LaunchScreen.storyboard */ = {
			isa = PBXVariantGroup;
			children = (
				FF6E131E1E45FE2F00207DB5 /* Base */,
			);
			name = LaunchScreen.storyboard;
			sourceTree = "<group>";
		};
/* End PBXVariantGroup section */

/* Begin XCBuildConfiguration section */
		FF6E13371E45FE3000207DB5 /* Debug */ = {
			isa = XCBuildConfiguration;
			buildSettings = {
				ALWAYS_SEARCH_USER_PATHS = NO;
				CLANG_ANALYZER_NONNULL = YES;
				CLANG_CXX_LANGUAGE_STANDARD = "gnu++0x";
				CLANG_CXX_LIBRARY = "libc++";
				CLANG_ENABLE_MODULES = YES;
				CLANG_ENABLE_OBJC_ARC = YES;
				CLANG_WARN_BOOL_CONVERSION = YES;
				CLANG_WARN_CONSTANT_CONVERSION = YES;
				CLANG_WARN_DIRECT_OBJC_ISA_USAGE = YES_ERROR;
				CLANG_WARN_DOCUMENTATION_COMMENTS = YES;
				CLANG_WARN_EMPTY_BODY = YES;
				CLANG_WARN_ENUM_CONVERSION = YES;
				CLANG_WARN_INFINITE_RECURSION = YES;
				CLANG_WARN_INT_CONVERSION = YES;
				CLANG_WARN_OBJC_ROOT_CLASS = YES_ERROR;
				CLANG_WARN_SUSPICIOUS_MOVE = YES;
				CLANG_WARN_UNREACHABLE_CODE = YES;
				CLANG_WARN__DUPLICATE_METHOD_MATCH = YES;
				"CODE_SIGN_IDENTITY[sdk=iphoneos*]" = "iPhone Developer";
				COPY_PHASE_STRIP = NO;
				DEBUG_INFORMATION_FORMAT = dwarf;
				ENABLE_STRICT_OBJC_MSGSEND = YES;
				ENABLE_TESTABILITY = YES;
				GCC_C_LANGUAGE_STANDARD = gnu99;
				GCC_DYNAMIC_NO_PIC = NO;
				GCC_NO_COMMON_BLOCKS = YES;
				GCC_OPTIMIZATION_LEVEL = 0;
				GCC_PREPROCESSOR_DEFINITIONS = (
					"DEBUG=1",
					"$(inherited)",
				);
				GCC_WARN_64_TO_32_BIT_CONVERSION = YES;
				GCC_WARN_ABOUT_RETURN_TYPE = YES_ERROR;
				GCC_WARN_UNDECLARED_SELECTOR = YES;
				GCC_WARN_UNINITIALIZED_AUTOS = YES_AGGRESSIVE;
				GCC_WARN_UNUSED_FUNCTION = YES;
				GCC_WARN_UNUSED_VARIABLE = YES;
				IPHONEOS_DEPLOYMENT_TARGET = 10.2;
				MTL_ENABLE_DEBUG_INFO = YES;
				ONLY_ACTIVE_ARCH = YES;
				SDKROOT = iphoneos;
				SWIFT_ACTIVE_COMPILATION_CONDITIONS = DEBUG;
				SWIFT_OPTIMIZATION_LEVEL = "-Onone";
				TARGETED_DEVICE_FAMILY = "1,2";
			};
			name = Debug;
		};
		FF6E13381E45FE3000207DB5 /* Release */ = {
			isa = XCBuildConfiguration;
			buildSettings = {
				ALWAYS_SEARCH_USER_PATHS = NO;
				CLANG_ANALYZER_NONNULL = YES;
				CLANG_CXX_LANGUAGE_STANDARD = "gnu++0x";
				CLANG_CXX_LIBRARY = "libc++";
				CLANG_ENABLE_MODULES = YES;
				CLANG_ENABLE_OBJC_ARC = YES;
				CLANG_WARN_BOOL_CONVERSION = YES;
				CLANG_WARN_CONSTANT_CONVERSION = YES;
				CLANG_WARN_DIRECT_OBJC_ISA_USAGE = YES_ERROR;
				CLANG_WARN_DOCUMENTATION_COMMENTS = YES;
				CLANG_WARN_EMPTY_BODY = YES;
				CLANG_WARN_ENUM_CONVERSION = YES;
				CLANG_WARN_INFINITE_RECURSION = YES;
				CLANG_WARN_INT_CONVERSION = YES;
				CLANG_WARN_OBJC_ROOT_CLASS = YES_ERROR;
				CLANG_WARN_SUSPICIOUS_MOVE = YES;
				CLANG_WARN_UNREACHABLE_CODE = YES;
				CLANG_WARN__DUPLICATE_METHOD_MATCH = YES;
				"CODE_SIGN_IDENTITY[sdk=iphoneos*]" = "iPhone Developer";
				COPY_PHASE_STRIP = NO;
				DEBUG_INFORMATION_FORMAT = "dwarf-with-dsym";
				ENABLE_NS_ASSERTIONS = NO;
				ENABLE_STRICT_OBJC_MSGSEND = YES;
				GCC_C_LANGUAGE_STANDARD = gnu99;
				GCC_NO_COMMON_BLOCKS = YES;
				GCC_WARN_64_TO_32_BIT_CONVERSION = YES;
				GCC_WARN_ABOUT_RETURN_TYPE = YES_ERROR;
				GCC_WARN_UNDECLARED_SELECTOR = YES;
				GCC_WARN_UNINITIALIZED_AUTOS = YES_AGGRESSIVE;
				GCC_WARN_UNUSED_FUNCTION = YES;
				GCC_WARN_UNUSED_VARIABLE = YES;
				IPHONEOS_DEPLOYMENT_TARGET = 10.2;
				MTL_ENABLE_DEBUG_INFO = NO;
				SDKROOT = iphoneos;
				SWIFT_OPTIMIZATION_LEVEL = "-Owholemodule";
				TARGETED_DEVICE_FAMILY = "1,2";
				VALIDATE_PRODUCT = YES;
			};
			name = Release;
		};
		FF6E133A1E45FE3000207DB5 /* Debug */ = {
			isa = XCBuildConfiguration;
			baseConfigurationReference = 5B18171B54EFF2D6D1632DAC /* Pods-RecLoc.debug.xcconfig */;
			buildSettings = {
				ASSETCATALOG_COMPILER_APPICON_NAME = AppIcon;
				DEVELOPMENT_TEAM = 8L389JCGUE;
				INFOPLIST_FILE = RecLoc/Info.plist;
				LD_RUNPATH_SEARCH_PATHS = "$(inherited) @executable_path/Frameworks";
				PRODUCT_BUNDLE_IDENTIFIER = com.connectIq.RecLoc;
				PRODUCT_NAME = "$(TARGET_NAME)";
				SWIFT_VERSION = 3.0;
			};
			name = Debug;
		};
		FF6E133B1E45FE3000207DB5 /* Release */ = {
			isa = XCBuildConfiguration;
			baseConfigurationReference = 494D90D9542C70312C04E36F /* Pods-RecLoc.release.xcconfig */;
			buildSettings = {
				ASSETCATALOG_COMPILER_APPICON_NAME = AppIcon;
				DEVELOPMENT_TEAM = 8L389JCGUE;
				INFOPLIST_FILE = RecLoc/Info.plist;
				LD_RUNPATH_SEARCH_PATHS = "$(inherited) @executable_path/Frameworks";
				PRODUCT_BUNDLE_IDENTIFIER = com.connectIq.RecLoc;
				PRODUCT_NAME = "$(TARGET_NAME)";
				SWIFT_VERSION = 3.0;
			};
			name = Release;
		};
		FF6E133D1E45FE3000207DB5 /* Debug */ = {
			isa = XCBuildConfiguration;
			baseConfigurationReference = 1C286240BAB9FB2F11838504 /* Pods-RecLocTests.debug.xcconfig */;
			buildSettings = {
				ALWAYS_EMBED_SWIFT_STANDARD_LIBRARIES = YES;
				BUNDLE_LOADER = "$(TEST_HOST)";
				DEVELOPMENT_TEAM = 8L389JCGUE;
				INFOPLIST_FILE = RecLocTests/Info.plist;
				LD_RUNPATH_SEARCH_PATHS = "$(inherited) @executable_path/Frameworks @loader_path/Frameworks";
				PRODUCT_BUNDLE_IDENTIFIER = com.connectIq.RecLocTests;
				PRODUCT_NAME = "$(TARGET_NAME)";
				SWIFT_VERSION = 3.0;
				TEST_HOST = "$(BUILT_PRODUCTS_DIR)/RecLoc.app/RecLoc";
			};
			name = Debug;
		};
		FF6E133E1E45FE3000207DB5 /* Release */ = {
			isa = XCBuildConfiguration;
			baseConfigurationReference = A953468A28934B306D62FA94 /* Pods-RecLocTests.release.xcconfig */;
			buildSettings = {
				ALWAYS_EMBED_SWIFT_STANDARD_LIBRARIES = YES;
				BUNDLE_LOADER = "$(TEST_HOST)";
				DEVELOPMENT_TEAM = 8L389JCGUE;
				INFOPLIST_FILE = RecLocTests/Info.plist;
				LD_RUNPATH_SEARCH_PATHS = "$(inherited) @executable_path/Frameworks @loader_path/Frameworks";
				PRODUCT_BUNDLE_IDENTIFIER = com.connectIq.RecLocTests;
				PRODUCT_NAME = "$(TARGET_NAME)";
				SWIFT_VERSION = 3.0;
				TEST_HOST = "$(BUILT_PRODUCTS_DIR)/RecLoc.app/RecLoc";
			};
			name = Release;
		};
		FF6E13401E45FE3000207DB5 /* Debug */ = {
			isa = XCBuildConfiguration;
			baseConfigurationReference = B7113363EF696B3A92CBAEC8 /* Pods-RecLocUITests.debug.xcconfig */;
			buildSettings = {
				ALWAYS_EMBED_SWIFT_STANDARD_LIBRARIES = YES;
				DEVELOPMENT_TEAM = 8L389JCGUE;
				INFOPLIST_FILE = RecLocUITests/Info.plist;
				LD_RUNPATH_SEARCH_PATHS = "$(inherited) @executable_path/Frameworks @loader_path/Frameworks";
				PRODUCT_BUNDLE_IDENTIFIER = com.connectIq.RecLocUITests;
				PRODUCT_NAME = "$(TARGET_NAME)";
				SWIFT_VERSION = 3.0;
				TEST_TARGET_NAME = RecLoc;
			};
			name = Debug;
		};
		FF6E13411E45FE3000207DB5 /* Release */ = {
			isa = XCBuildConfiguration;
			baseConfigurationReference = 1E83786A8F866D5B36FE9EA3 /* Pods-RecLocUITests.release.xcconfig */;
			buildSettings = {
				ALWAYS_EMBED_SWIFT_STANDARD_LIBRARIES = YES;
				DEVELOPMENT_TEAM = 8L389JCGUE;
				INFOPLIST_FILE = RecLocUITests/Info.plist;
				LD_RUNPATH_SEARCH_PATHS = "$(inherited) @executable_path/Frameworks @loader_path/Frameworks";
				PRODUCT_BUNDLE_IDENTIFIER = com.connectIq.RecLocUITests;
				PRODUCT_NAME = "$(TARGET_NAME)";
				SWIFT_VERSION = 3.0;
				TEST_TARGET_NAME = RecLoc;
			};
			name = Release;
		};
/* End XCBuildConfiguration section */

/* Begin XCConfigurationList section */
		FF6E130C1E45FE2F00207DB5 /* Build configuration list for PBXProject "RecLoc" */ = {
			isa = XCConfigurationList;
			buildConfigurations = (
				FF6E13371E45FE3000207DB5 /* Debug */,
				FF6E13381E45FE3000207DB5 /* Release */,
			);
			defaultConfigurationIsVisible = 0;
			defaultConfigurationName = Release;
		};
		FF6E13391E45FE3000207DB5 /* Build configuration list for PBXNativeTarget "RecLoc" */ = {
			isa = XCConfigurationList;
			buildConfigurations = (
				FF6E133A1E45FE3000207DB5 /* Debug */,
				FF6E133B1E45FE3000207DB5 /* Release */,
			);
			defaultConfigurationIsVisible = 0;
			defaultConfigurationName = Release;
		};
		FF6E133C1E45FE3000207DB5 /* Build configuration list for PBXNativeTarget "RecLocTests" */ = {
			isa = XCConfigurationList;
			buildConfigurations = (
				FF6E133D1E45FE3000207DB5 /* Debug */,
				FF6E133E1E45FE3000207DB5 /* Release */,
			);
			defaultConfigurationIsVisible = 0;
			defaultConfigurationName = Release;
		};
		FF6E133F1E45FE3000207DB5 /* Build configuration list for PBXNativeTarget "RecLocUITests" */ = {
			isa = XCConfigurationList;
			buildConfigurations = (
				FF6E13401E45FE3000207DB5 /* Debug */,
				FF6E13411E45FE3000207DB5 /* Release */,
			);
			defaultConfigurationIsVisible = 0;
			defaultConfigurationName = Release;
		};
/* End XCConfigurationList section */
	};
	rootObject = FF6E13091E45FE2F00207DB5 /* Project object */;
}
