PODS:
  - Alamofire (4.4.0)
  - AWSCore (2.5.3)
  - AWSRekognition (2.5.3):
    - AWSCore (= 2.5.3)
  - GoogleMaps (2.2.0):
    - GoogleMaps/Maps (= 2.2.0)
  - GoogleMaps/Base (2.2.0)
  - GoogleMaps/Maps (2.2.0):
    - GoogleMaps/Base
  - GooglePlacePicker (2.2.0):
    - GoogleMaps (= 2.2.0)
    - GooglePlaces (= 2.2.0)
  - GooglePlaces (2.2.0):
    - GoogleMaps/Base (= 2.2.0)
  - Material (2.6.3):
    - Material/Core (= 2.6.3)
  - Material/Core (2.6.3)
  - Sharaku (1.0.2)
  - SwiftyJSON (3.1.4)
  - TagListView (1.1.0)

DEPENDENCIES:
  - Alamofire (~> 4.4)
  - AWSRekognition
  - GoogleMaps
  - GooglePlacePicker
  - GooglePlaces
  - Material (~> 2.0)
  - Sharaku
  - SwiftyJSON
  - TagListView (~> 1.0)

SPEC CHECKSUMS:
  Alamofire: dc44b1600b800eb63da6a19039a0083d62a6a62d
  AWSCore: 344e21892790650cf902246d436402257a545bde
  AWSRekognition: 8b68d6cb36068803d9c31571e220651138b4353e
  GoogleMaps: 104c418d61ab8a05dff06ed0784c25ea9d37da45
  GooglePlacePicker: 345b1aabd42c9d6d9bf2369c1bae1234d903e764
  GooglePlaces: bca867d5e9da15384c794b945e4226848bc6e9d9
  Material: af607a7ec0e9978ef85cf189a3d8ceeeb650400f
  Sharaku: c18de569fc99f6e936f46ca812b571826cc658a7
  SwiftyJSON: c2842d878f95482ffceec5709abc3d05680c0220
  TagListView: d0267a71393f3c73db5c9ea2f979ac1125fcab56

PODFILE CHECKSUM: c03bc2f1615033a3647fa633c0ac277852aca67e

COCOAPODS: 1.2.0
