PODS:
  - Alamofire (4.4.0)
  - AWSCore (2.5.2)
  - AWSRekognition (2.5.2):
    - AWSCore (= 2.5.2)
  - GoogleMaps (2.2.0):
    - GoogleMaps/Maps (= 2.2.0)
  - GoogleMaps/Base (2.2.0)
  - GoogleMaps/Maps (2.2.0):
    - GoogleMaps/Base
  - GooglePlacePicker (2.2.0):
    - GoogleMaps (= 2.2.0)
    - GooglePlaces (= 2.2.0)
  - GooglePlaces (2.2.0):
    - GoogleMaps/Base (= 2.2.0)
  - TagListView (1.1.0)

DEPENDENCIES:
  - Alamofire (~> 4.4)
  - AWSRekognition
  - GoogleMaps
  - GooglePlacePicker
  - GooglePlaces
  - TagListView (~> 1.0)

SPEC CHECKSUMS:
  Alamofire: dc44b1600b800eb63da6a19039a0083d62a6a62d
  AWSCore: b2fe455c2c7d6653521238c5b0b0ddb67ec4f063
  AWSRekognition: 3e4af236a7787336ae3d68378fa757927664095b
  GoogleMaps: 104c418d61ab8a05dff06ed0784c25ea9d37da45
  GooglePlacePicker: 345b1aabd42c9d6d9bf2369c1bae1234d903e764
  GooglePlaces: bca867d5e9da15384c794b945e4226848bc6e9d9
  TagListView: d0267a71393f3c73db5c9ea2f979ac1125fcab56

PODFILE CHECKSUM: 20bdce56492757c70bc5bbdd579350ac0cfa8165

COCOAPODS: 1.2.0
